# This file is automatically @generated by Poetry and should not be changed by hand.

[[package]]
name = "pyenttec"
version = "1.4"
description = "Control an Enttec Pro DMX from python."
category = "main"
optional = false
python-versions = "*"
files = [
    {file = "pyenttec-1.4-py3-none-any.whl", hash = "sha256:1ecbbc902d83fc19c3b95a1ef85f9f6f7cac171d2b13de740a4110f29d99c871"},
    {file = "pyenttec-1.4.tar.gz", hash = "sha256:6327d94ff4e4d392a1f1d07a91c7d85bc1eed5926a7e449c97b185f90a9b64ea"},
]

[package.dependencies]
pyserial = "*"

[[package]]
name = "pyserial"
version = "3.5"
description = "Python Serial Port Extension"
category = "main"
optional = false
python-versions = "*"
files = [
    {file = "pyserial-3.5-py2.py3-none-any.whl", hash = "sha256:c4451db6ba391ca6ca299fb3ec7bae67a5c55dde170964c7a14ceefec02f2cf0"},
    {file = "pyserial-3.5.tar.gz", hash = "sha256:3c77e014170dfffbd816e6ffc205e9842efb10be9f58ec16d3e8675b4925cddb"},
]

[package.extras]
cp2110 = ["hidapi"]

[[package]]
name = "python-osc"
version = "1.8.1"
description = "Open Sound Control server and client implementations in pure Python"
category = "main"
optional = false
python-versions = "*"
files = [
    {file = "python-osc-1.8.1.tar.gz", hash = "sha256:ebd6b7cf8ae387380f48e9d6d7369bad1c176a1af6608efd7888b50b4f0e74ad"},
    {file = "python_osc-1.8.1-py3-none-any.whl", hash = "sha256:13a1f76cbc5e5acdd9f9ec5b002b769ecb31db6bcf6d6e75ca64c07bbb6c83e8"},
]

[metadata]
lock-version = "2.0"
python-versions = "^3.11"
content-hash = "0c2ebe980a9b7ecb1583d674d1c3e4d045b2e676830e497b1768badc8dbcf316"
